{
  "name": "zombie-game",
  "lockfileVersion": 3,
  "requires": true,
  "packages": {
    "": {
      "dependencies": {
        "phaser": "^3.85.2"
      }
    },
    "node_modules/eventemitter3": {
      "version": "5.0.1",
      "resolved": "https://registry.npmjs.org/eventemitter3/-/eventemitter3-5.0.1.tgz",
      "integrity": "sha512-GWkBvjiSZK87ELrYOSESUYeVIc9mvLLf/nXalMOS5dYrgZq9o5OVkbZAVM06CVxYsCwH9BDZFPlQTlPA1j4ahA==",
      "license": "MIT"
    },
    "node_modules/phaser": {
      "version": "3.85.2",
      "resolved": "https://registry.npmjs.org/phaser/-/phaser-3.85.2.tgz",
      "integrity": "sha512-bD/58E1gvCsEH0Lftb2BiJ8FQ86kb8HHOS656lLXPwg8ZXkskZGsfdyQO21Y57+neGOUEaUthSFfDyVULy5B1g==",
      "license": "MIT",
      "dependencies": {
        "eventemitter3": "^5.0.1"
      }
    }
  }
}
